
Microsoft Visual Studio Solution File, Format Version 12.00
# Visual Studio Version 17
VisualStudioVersion = 17.10.35013.160
MinimumVisualStudioVersion = 10.0.40219.1
Project("{FAE04EC0-301F-11D3-BF4B-00C04F79EFBC}") = "STOCKTRACKING", "STOCKTRACKING.csproj", "{EE417775-FC50-4BB8-99CF-9C223DBA5721}"
EndProject
Global
	GlobalSection(SolutionConfigurationPlatforms) = preSolution
		Debug|Any CPU = Debug|Any CPU
		Release|Any CPU = Release|Any CPU
	EndGlobalSection
	GlobalSection(ProjectConfigurationPlatforms) = postSolution
		{EE417775-FC50-4BB8-99CF-9C223DBA5721}.Debug|Any CPU.ActiveCfg = Debug|Any CPU
		{EE417775-FC50-4BB8-99CF-9C223DBA5721}.Debug|Any CPU.Build.0 = Debug|Any CPU
		{EE417775-FC50-4BB8-99CF-9C223DBA5721}.Release|Any CPU.ActiveCfg = Release|Any CPU
		{EE417775-FC50-4BB8-99CF-9C223DBA5721}.Release|Any CPU.Build.0 = Release|Any CPU
	EndGlobalSection
	GlobalSection(SolutionProperties) = preSolution
		HideSolutionNode = FALSE
	EndGlobalSection
	GlobalSection(ExtensibilityGlobals) = postSolution
		SolutionGuid = {4EF704E8-1309-42C6-913B-97710CE0CAAB}
	EndGlobalSection
EndGlobal
